
Microsoft Visual Studio Solution File, Format Version 12.00
# Visual Studio Version 17
VisualStudioVersion = 17.7.34202.233
MinimumVisualStudioVersion = 10.0.40219.1
Project("{9A19103F-16F7-4668-BE54-9A1E7A4F7556}") = "MoveIt", "MoveIt\MoveIt.csproj", "{84AD53AD-47A6-4233-81BA-6D944B42FE7A}"
EndProject
Project("{9A19103F-16F7-4668-BE54-9A1E7A4F7556}") = "MoveIt.Sdk", "MoveIt.Sdk\MoveIt.Sdk.csproj", "{73D54E4F-44A8-4D5F-8EE4-F256385CFC3D}"
EndProject
Project("{2150E333-8FDC-42A3-9474-1A3956D46DE8}") = "Tests", "Tests", "{584886A9-FB8C-4998-A6F2-124EE97B9A61}"
EndProject
Project("{FAE04EC0-301F-11D3-BF4B-00C04F79EFBC}") = "MoveIt.UnitTests", "MoveIt.UnitTests\MoveIt.UnitTests.csproj", "{8897F987-87D1-4D0B-8C19-635556C8D9AB}"
EndProject
Global
	GlobalSection(SolutionConfigurationPlatforms) = preSolution
		Debug|Any CPU = Debug|Any CPU
		Release|Any CPU = Release|Any CPU
	EndGlobalSection
	GlobalSection(ProjectConfigurationPlatforms) = postSolution
		{84AD53AD-47A6-4233-81BA-6D944B42FE7A}.Debug|Any CPU.ActiveCfg = Debug|Any CPU
		{84AD53AD-47A6-4233-81BA-6D944B42FE7A}.Debug|Any CPU.Build.0 = Debug|Any CPU
		{84AD53AD-47A6-4233-81BA-6D944B42FE7A}.Release|Any CPU.ActiveCfg = Release|Any CPU
		{84AD53AD-47A6-4233-81BA-6D944B42FE7A}.Release|Any CPU.Build.0 = Release|Any CPU
		{73D54E4F-44A8-4D5F-8EE4-F256385CFC3D}.Debug|Any CPU.ActiveCfg = Debug|Any CPU
		{73D54E4F-44A8-4D5F-8EE4-F256385CFC3D}.Debug|Any CPU.Build.0 = Debug|Any CPU
		{73D54E4F-44A8-4D5F-8EE4-F256385CFC3D}.Release|Any CPU.ActiveCfg = Release|Any CPU
		{73D54E4F-44A8-4D5F-8EE4-F256385CFC3D}.Release|Any CPU.Build.0 = Release|Any CPU
		{8897F987-87D1-4D0B-8C19-635556C8D9AB}.Debug|Any CPU.ActiveCfg = Debug|Any CPU
		{8897F987-87D1-4D0B-8C19-635556C8D9AB}.Debug|Any CPU.Build.0 = Debug|Any CPU
		{8897F987-87D1-4D0B-8C19-635556C8D9AB}.Release|Any CPU.ActiveCfg = Release|Any CPU
		{8897F987-87D1-4D0B-8C19-635556C8D9AB}.Release|Any CPU.Build.0 = Release|Any CPU
	EndGlobalSection
	GlobalSection(SolutionProperties) = preSolution
		HideSolutionNode = FALSE
	EndGlobalSection
	GlobalSection(NestedProjects) = preSolution
		{8897F987-87D1-4D0B-8C19-635556C8D9AB} = {584886A9-FB8C-4998-A6F2-124EE97B9A61}
	EndGlobalSection
	GlobalSection(ExtensibilityGlobals) = postSolution
		SolutionGuid = {7AFE6C7D-3E49-45FF-AB71-35342EE83A92}
	EndGlobalSection
EndGlobal
